
Microsoft Visual Studio Solution File, Format Version 12.00
# Visual Studio Version 17
VisualStudioVersion = 17.13.35913.81 d17.13
MinimumVisualStudioVersion = 10.0.40219.1
Project("{FAE04EC0-301F-11D3-BF4B-00C04F79EFBC}") = "Algoritmo4", "Algoritmo4\Algoritmo4.csproj", "{DE914D5E-BEE9-4FD2-8F12-DB2B4B6E1F4C}"
EndProject
Global
	GlobalSection(SolutionConfigurationPlatforms) = preSolution
		Debug|Any CPU = Debug|Any CPU
		Release|Any CPU = Release|Any CPU
	EndGlobalSection
	GlobalSection(ProjectConfigurationPlatforms) = postSolution
		{DE914D5E-BEE9-4FD2-8F12-DB2B4B6E1F4C}.Debug|Any CPU.ActiveCfg = Debug|Any CPU
		{DE914D5E-BEE9-4FD2-8F12-DB2B4B6E1F4C}.Debug|Any CPU.Build.0 = Debug|Any CPU
		{DE914D5E-BEE9-4FD2-8F12-DB2B4B6E1F4C}.Release|Any CPU.ActiveCfg = Release|Any CPU
		{DE914D5E-BEE9-4FD2-8F12-DB2B4B6E1F4C}.Release|Any CPU.Build.0 = Release|Any CPU
	EndGlobalSection
	GlobalSection(SolutionProperties) = preSolution
		HideSolutionNode = FALSE
	EndGlobalSection
	GlobalSection(ExtensibilityGlobals) = postSolution
		SolutionGuid = {23ED12DC-FA03-4CD7-8AC3-FB7577E6DBA3}
	EndGlobalSection
EndGlobal
